
Microsoft Visual Studio Solution File, Format Version 12.00
# Visual Studio 14
VisualStudioVersion = 14.0.23107.0
MinimumVisualStudioVersion = 10.0.40219.1
Project("{FAE04EC0-301F-11D3-BF4B-00C04F79EFBC}") = "REAL ESTATE PORTAL", "REAL ESTATE PORTAL\REAL ESTATE PORTAL.csproj", "{EB4A1B6F-D17F-48DE-A85C-540435E055A8}"
EndProject
Global
	GlobalSection(SolutionConfigurationPlatforms) = preSolution
		Debug|Any CPU = Debug|Any CPU
		Release|Any CPU = Release|Any CPU
	EndGlobalSection
	GlobalSection(ProjectConfigurationPlatforms) = postSolution
		{EB4A1B6F-D17F-48DE-A85C-540435E055A8}.Debug|Any CPU.ActiveCfg = Debug|Any CPU
		{EB4A1B6F-D17F-48DE-A85C-540435E055A8}.Debug|Any CPU.Build.0 = Debug|Any CPU
		{EB4A1B6F-D17F-48DE-A85C-540435E055A8}.Release|Any CPU.ActiveCfg = Release|Any CPU
		{EB4A1B6F-D17F-48DE-A85C-540435E055A8}.Release|Any CPU.Build.0 = Release|Any CPU
	EndGlobalSection
	GlobalSection(SolutionProperties) = preSolution
		HideSolutionNode = FALSE
	EndGlobalSection
EndGlobal
